
Microsoft Visual Studio Solution File, Format Version 12.00
# Visual Studio Version 17
VisualStudioVersion = 17.6.33723.286
MinimumVisualStudioVersion = 10.0.40219.1
Project("{FAE04EC0-301F-11D3-BF4B-00C04F79EFBC}") = "Vazifa10_07", "Vazifa10_07\Vazifa10_07.csproj", "{46D18FBE-51FD-47B6-B150-8C929B238565}"
EndProject
Global
	GlobalSection(SolutionConfigurationPlatforms) = preSolution
		Debug|Any CPU = Debug|Any CPU
		Release|Any CPU = Release|Any CPU
	EndGlobalSection
	GlobalSection(ProjectConfigurationPlatforms) = postSolution
		{46D18FBE-51FD-47B6-B150-8C929B238565}.Debug|Any CPU.ActiveCfg = Debug|Any CPU
		{46D18FBE-51FD-47B6-B150-8C929B238565}.Debug|Any CPU.Build.0 = Debug|Any CPU
		{46D18FBE-51FD-47B6-B150-8C929B238565}.Release|Any CPU.ActiveCfg = Release|Any CPU
		{46D18FBE-51FD-47B6-B150-8C929B238565}.Release|Any CPU.Build.0 = Release|Any CPU
	EndGlobalSection
	GlobalSection(SolutionProperties) = preSolution
		HideSolutionNode = FALSE
	EndGlobalSection
	GlobalSection(ExtensibilityGlobals) = postSolution
		SolutionGuid = {40D1EBAA-F854-4C2C-95FD-E7A555A73725}
	EndGlobalSection
EndGlobal
